{
  "name": "quality_defect_tracking_frontend",
  "version": "0.1.0",
  "lockfileVersion": 3,
  "requires": true,
  "packages": {
    "": {
      "name": "quality_defect_tracking_frontend",
      "version": "0.1.0",
      "dependencies": {
        "cross-env": "^7.0.3",
        "react": "^18.3.1",
        "react-dom": "^18.3.1",
        "react-scripts": "5.0.1"
      }
    }
  }
}
